
Microsoft Visual Studio Solution File, Format Version 12.00
# Visual Studio Version 16
VisualStudioVersion = 16.0.29306.81
MinimumVisualStudioVersion = 10.0.40219.1
Project("{FAE04EC0-301F-11D3-BF4B-00C04F79EFBC}") = "BMXAustralia", "BMXAustralia\BMXAustralia.csproj", "{CAAD245B-CBC1-43C4-B60F-FA6079D91247}"
EndProject
Global
	GlobalSection(SolutionConfigurationPlatforms) = preSolution
		Debug|Any CPU = Debug|Any CPU
		Release|Any CPU = Release|Any CPU
	EndGlobalSection
	GlobalSection(ProjectConfigurationPlatforms) = postSolution
		{CAAD245B-CBC1-43C4-B60F-FA6079D91247}.Debug|Any CPU.ActiveCfg = Debug|Any CPU
		{CAAD245B-CBC1-43C4-B60F-FA6079D91247}.Debug|Any CPU.Build.0 = Debug|Any CPU
		{CAAD245B-CBC1-43C4-B60F-FA6079D91247}.Release|Any CPU.ActiveCfg = Release|Any CPU
		{CAAD245B-CBC1-43C4-B60F-FA6079D91247}.Release|Any CPU.Build.0 = Release|Any CPU
	EndGlobalSection
	GlobalSection(SolutionProperties) = preSolution
		HideSolutionNode = FALSE
	EndGlobalSection
	GlobalSection(ExtensibilityGlobals) = postSolution
		SolutionGuid = {8AA445D4-4987-4F27-A001-65659559E918}
	EndGlobalSection
EndGlobal
